
Microsoft Visual Studio Solution File, Format Version 12.00
# Visual Studio Version 17
VisualStudioVersion = 17.0.32126.317
MinimumVisualStudioVersion = 10.0.40219.1
Project("{FAE04EC0-301F-11D3-BF4B-00C04F79EFBC}") = "ProjetoMatrizMenu", "ProjetoMatrizMenu.csproj", "{83C3B463-0DE3-481F-899B-36205C33ADC8}"
EndProject
Global
	GlobalSection(SolutionConfigurationPlatforms) = preSolution
		Debug|Any CPU = Debug|Any CPU
		Release|Any CPU = Release|Any CPU
	EndGlobalSection
	GlobalSection(ProjectConfigurationPlatforms) = postSolution
		{83C3B463-0DE3-481F-899B-36205C33ADC8}.Debug|Any CPU.ActiveCfg = Debug|Any CPU
		{83C3B463-0DE3-481F-899B-36205C33ADC8}.Debug|Any CPU.Build.0 = Debug|Any CPU
		{83C3B463-0DE3-481F-899B-36205C33ADC8}.Release|Any CPU.ActiveCfg = Release|Any CPU
		{83C3B463-0DE3-481F-899B-36205C33ADC8}.Release|Any CPU.Build.0 = Release|Any CPU
	EndGlobalSection
	GlobalSection(SolutionProperties) = preSolution
		HideSolutionNode = FALSE
	EndGlobalSection
	GlobalSection(ExtensibilityGlobals) = postSolution
		SolutionGuid = {275677EB-43FE-4C4B-ADE5-62DB85379748}
	EndGlobalSection
EndGlobal
